
Microsoft Visual Studio Solution File, Format Version 12.00
# Visual Studio Version 17
VisualStudioVersion = 17.11.35312.102
MinimumVisualStudioVersion = 10.0.40219.1
Project("{FAE04EC0-301F-11D3-BF4B-00C04F79EFBC}") = "UserApi", "UserApi\UserApi.csproj", "{F8DCF109-193F-42D0-9F70-D25C973BA9CA}"
EndProject
Global
	GlobalSection(SolutionConfigurationPlatforms) = preSolution
		Debug|Any CPU = Debug|Any CPU
		Release|Any CPU = Release|Any CPU
	EndGlobalSection
	GlobalSection(ProjectConfigurationPlatforms) = postSolution
		{F8DCF109-193F-42D0-9F70-D25C973BA9CA}.Debug|Any CPU.ActiveCfg = Debug|Any CPU
		{F8DCF109-193F-42D0-9F70-D25C973BA9CA}.Debug|Any CPU.Build.0 = Debug|Any CPU
		{F8DCF109-193F-42D0-9F70-D25C973BA9CA}.Release|Any CPU.ActiveCfg = Release|Any CPU
		{F8DCF109-193F-42D0-9F70-D25C973BA9CA}.Release|Any CPU.Build.0 = Release|Any CPU
	EndGlobalSection
	GlobalSection(SolutionProperties) = preSolution
		HideSolutionNode = FALSE
	EndGlobalSection
	GlobalSection(ExtensibilityGlobals) = postSolution
		SolutionGuid = {6DD09B50-15E1-4466-8492-846ED7E88BBE}
	EndGlobalSection
EndGlobal
